schema: '2.0'
stages:
  data_collection:
    cmd: python src/data_collection.py
    deps:
    - path: src/data_collection.py
      hash: md5
      md5: 42d2db968a515d8d1816d46bb6b785ae
      size: 2255
    params:
      params.yaml:
        data_collection.test_size: 0.3
    outs:
    - path: data/raw
      hash: md5
      md5: e08a230af5afa7076745536d0116f31b.dir
      size: 522262
      nfiles: 2
  data_preprocessing:
    cmd: python src/data_prep.py
    deps:
    - path: data/raw
      hash: md5
      md5: e08a230af5afa7076745536d0116f31b.dir
      size: 522262
      nfiles: 2
    - path: src/data_prep.py
      hash: md5
      md5: 84fae56ad0bf273d37f1ad60c7d502f6
      size: 2049
    outs:
    - path: data/processed
      hash: md5
      md5: ec7ea01f54f6f070c103aa75be495470.dir
      size: 547182
      nfiles: 2
  model_building:
    cmd: python src/modeling/model_building.py
    deps:
    - path: data/processed
      hash: md5
      md5: ec7ea01f54f6f070c103aa75be495470.dir
      size: 547182
      nfiles: 2
    - path: src/modeling/model_building.py
      hash: md5
      md5: ca4fc709cf86a6704b4fe59e55103a03
      size: 2402
    params:
      params.yaml:
        model_building.n_estimators: 100
    outs:
    - path: models/model.pkl
      hash: md5
      md5: 43597c9e3049726b817a697cb5719b48
      size: 6543985
  model_evaluation:
    cmd: python src/modeling/model_evaluation.py
    deps:
    - path: data/processed
      hash: md5
      md5: ec7ea01f54f6f070c103aa75be495470.dir
      size: 547182
      nfiles: 2
    - path: models/model.pkl
      hash: md5
      md5: 43597c9e3049726b817a697cb5719b48
      size: 6543985
    - path: src/modeling/model_evaluation.py
      hash: md5
      md5: 21563cbb714a7805e59aef3e48a0440a
      size: 2380
    outs:
    - path: reports/metrics.json
      hash: md5
      md5: bd8de02b1d573d86d0afc961a15b23a9
      size: 77
